// !$*UTF8*$!
{
	archiveVersion = 1;
	classes = {
	};
	objectVersion = 55;
	objects = {

/* Begin PBXBuildFile section */
		5F9D8F0D285E6A040007B7D9 /* AppDelegate.swift in Sources */ = {isa = PBXBuildFile; fileRef = 5F9D8F0C285E6A040007B7D9 /* AppDelegate.swift */; };
		5F9D8F0F285E6A040007B7D9 /* SceneDelegate.swift in Sources */ = {isa = PBXBuildFile; fileRef = 5F9D8F0E285E6A040007B7D9 /* SceneDelegate.swift */; };
		5F9D8F11285E6A040007B7D9 /* ViewController.swift in Sources */ = {isa = PBXBuildFile; fileRef = 5F9D8F10285E6A040007B7D9 /* ViewController.swift */; };
		5F9D8F14285E6A040007B7D9 /* Main.storyboard in Resources */ = {isa = PBXBuildFile; fileRef = 5F9D8F12285E6A040007B7D9 /* Main.storyboard */; };
		5F9D8F17285E6A040007B7D9 /* TipCalculatorModel.xcdatamodeld in Sources */ = {isa = PBXBuildFile; fileRef = 5F9D8F15285E6A040007B7D9 /* TipCalculatorModel.xcdatamodeld */; };
		5F9D8F19285E6A090007B7D9 /* Assets.xcassets in Resources */ = {isa = PBXBuildFile; fileRef = 5F9D8F18285E6A090007B7D9 /* Assets.xcassets */; };
		5F9D8F1C285E6A090007B7D9 /* LaunchScreen.storyboard in Resources */ = {isa = PBXBuildFile; fileRef = 5F9D8F1A285E6A090007B7D9 /* LaunchScreen.storyboard */; };
		5F9D8F27285E6A090007B7D9 /* TipCalculatorModelTests.swift in Sources */ = {isa = PBXBuildFile; fileRef = 5F9D8F26285E6A090007B7D9 /* TipCalculatorModelTests.swift */; };
		5F9D8F31285E6A090007B7D9 /* TipCalculatorModelUITests.swift in Sources */ = {isa = PBXBuildFile; fileRef = 5F9D8F30285E6A090007B7D9 /* TipCalculatorModelUITests.swift */; };
		5F9D8F33285E6A090007B7D9 /* TipCalculatorModelUITestsLaunchTests.swift in Sources */ = {isa = PBXBuildFile; fileRef = 5F9D8F32285E6A090007B7D9 /* TipCalculatorModelUITestsLaunchTests.swift */; };
		5FAD1AA5285FA2E3001D84ED /* OurLogic.swift in Sources */ = {isa = PBXBuildFile; fileRef = 5FAD1AA4285FA2E3001D84ED /* OurLogic.swift */; };
/* End PBXBuildFile section */

/* Begin PBXContainerItemProxy section */
		5F9D8F23285E6A090007B7D9 /* PBXContainerItemProxy */ = {
			isa = PBXContainerItemProxy;
			containerPortal = 5F9D8F01285E6A040007B7D9 /* Project object */;
			proxyType = 1;
			remoteGlobalIDString = 5F9D8F08285E6A040007B7D9;
			remoteInfo = TipCalculatorModel;
		};
		5F9D8F2D285E6A090007B7D9 /* PBXContainerItemProxy */ = {
			isa = PBXContainerItemProxy;
			containerPortal = 5F9D8F01285E6A040007B7D9 /* Project object */;
			proxyType = 1;
			remoteGlobalIDString = 5F9D8F08285E6A040007B7D9;
			remoteInfo = TipCalculatorModel;
		};
/* End PBXContainerItemProxy section */

/* Begin PBXFileReference section */
		5F9D8F09285E6A040007B7D9 /* TipCalculatorModel.app */ = {isa = PBXFileReference; explicitFileType = wrapper.application; includeInIndex = 0; path = TipCalculatorModel.app; sourceTree = BUILT_PRODUCTS_DIR; };
		5F9D8F0C285E6A040007B7D9 /* AppDelegate.swift */ = {isa = PBXFileReference; lastKnownFileType = sourcecode.swift; path = AppDelegate.swift; sourceTree = "<group>"; };
		5F9D8F0E285E6A040007B7D9 /* SceneDelegate.swift */ = {isa = PBXFileReference; lastKnownFileType = sourcecode.swift; path = SceneDelegate.swift; sourceTree = "<group>"; };
		5F9D8F10285E6A040007B7D9 /* ViewController.swift */ = {isa = PBXFileReference; lastKnownFileType = sourcecode.swift; path = ViewController.swift; sourceTree = "<group>"; };
		5F9D8F13285E6A040007B7D9 /* Base */ = {isa = PBXFileReference; lastKnownFileType = file.storyboard; name = Base; path = Base.lproj/Main.storyboard; sourceTree = "<group>"; };
		5F9D8F16285E6A040007B7D9 /* TipCalculatorModel.xcdatamodel */ = {isa = PBXFileReference; lastKnownFileType = wrapper.xcdatamodel; path = TipCalculatorModel.xcdatamodel; sourceTree = "<group>"; };
		5F9D8F18285E6A090007B7D9 /* Assets.xcassets */ = {isa = PBXFileReference; lastKnownFileType = folder.assetcatalog; path = Assets.xcassets; sourceTree = "<group>"; };
		5F9D8F1B285E6A090007B7D9 /* Base */ = {isa = PBXFileReference; lastKnownFileType = file.storyboard; name = Base; path = Base.lproj/LaunchScreen.storyboard; sourceTree = "<group>"; };
		5F9D8F1D285E6A090007B7D9 /* Info.plist */ = {isa = PBXFileReference; lastKnownFileType = text.plist.xml; path = Info.plist; sourceTree = "<group>"; };
		5F9D8F22285E6A090007B7D9 /* TipCalculatorModelTests.xctest */ = {isa = PBXFileReference; explicitFileType = wrapper.cfbundle; includeInIndex = 0; path = TipCalculatorModelTests.xctest; sourceTree = BUILT_PRODUCTS_DIR; };
		5F9D8F26285E6A090007B7D9 /* TipCalculatorModelTests.swift */ = {isa = PBXFileReference; lastKnownFileType = sourcecode.swift; path = TipCalculatorModelTests.swift; sourceTree = "<group>"; };
		5F9D8F2C285E6A090007B7D9 /* TipCalculatorModelUITests.xctest */ = {isa = PBXFileReference; explicitFileType = wrapper.cfbundle; includeInIndex = 0; path = TipCalculatorModelUITests.xctest; sourceTree = BUILT_PRODUCTS_DIR; };
		5F9D8F30285E6A090007B7D9 /* TipCalculatorModelUITests.swift */ = {isa = PBXFileReference; lastKnownFileType = sourcecode.swift; path = TipCalculatorModelUITests.swift; sourceTree = "<group>"; };
		5F9D8F32285E6A090007B7D9 /* TipCalculatorModelUITestsLaunchTests.swift */ = {isa = PBXFileReference; lastKnownFileType = sourcecode.swift; path = TipCalculatorModelUITestsLaunchTests.swift; sourceTree = "<group>"; };
		5FAD1AA4285FA2E3001D84ED /* OurLogic.swift */ = {isa = PBXFileReference; lastKnownFileType = sourcecode.swift; path = OurLogic.swift; sourceTree = "<group>"; };
/* End PBXFileReference section */

/* Begin PBXFrameworksBuildPhase section */
		5F9D8F06285E6A040007B7D9 /* Frameworks */ = {
			isa = PBXFrameworksBuildPhase;
			buildActionMask = 2147483647;
			files = (
			);
			runOnlyForDeploymentPostprocessing = 0;
		};
		5F9D8F1F285E6A090007B7D9 /* Frameworks */ = {
			isa = PBXFrameworksBuildPhase;
			buildActionMask = 2147483647;
			files = (
			);
			runOnlyForDeploymentPostprocessing = 0;
		};
		5F9D8F29285E6A090007B7D9 /* Frameworks */ = {
			isa = PBXFrameworksBuildPhase;
			buildActionMask = 2147483647;
			files = (
			);
			runOnlyForDeploymentPostprocessing = 0;
		};
/* End PBXFrameworksBuildPhase section */

/* Begin PBXGroup section */
		5F9D8F00285E6A040007B7D9 = {
			isa = PBXGroup;
			children = (
				5F9D8F0B285E6A040007B7D9 /* TipCalculatorModel */,
				5F9D8F25285E6A090007B7D9 /* TipCalculatorModelTests */,
				5F9D8F2F285E6A090007B7D9 /* TipCalculatorModelUITests */,
				5F9D8F0A285E6A040007B7D9 /* Products */,
			);
			sourceTree = "<group>";
		};
		5F9D8F0A285E6A040007B7D9 /* Products */ = {
			isa = PBXGroup;
			children = (
				5F9D8F09285E6A040007B7D9 /* TipCalculatorModel.app */,
				5F9D8F22285E6A090007B7D9 /* TipCalculatorModelTests.xctest */,
				5F9D8F2C285E6A090007B7D9 /* TipCalculatorModelUITests.xctest */,
			);
			name = Products;
			sourceTree = "<group>";
		};
		5F9D8F0B285E6A040007B7D9 /* TipCalculatorModel */ = {
			isa = PBXGroup;
			children = (
				5FAD1AA3285FA2D0001D84ED /* Logic */,
				5F9D8F0C285E6A040007B7D9 /* AppDelegate.swift */,
				5F9D8F0E285E6A040007B7D9 /* SceneDelegate.swift */,
				5F9D8F10285E6A040007B7D9 /* ViewController.swift */,
				5F9D8F12285E6A040007B7D9 /* Main.storyboard */,
				5F9D8F18285E6A090007B7D9 /* Assets.xcassets */,
				5F9D8F1A285E6A090007B7D9 /* LaunchScreen.storyboard */,
				5F9D8F1D285E6A090007B7D9 /* Info.plist */,
				5F9D8F15285E6A040007B7D9 /* TipCalculatorModel.xcdatamodeld */,
			);
			path = TipCalculatorModel;
			sourceTree = "<group>";
		};
		5F9D8F25285E6A090007B7D9 /* TipCalculatorModelTests */ = {
			isa = PBXGroup;
			children = (
				5F9D8F26285E6A090007B7D9 /* TipCalculatorModelTests.swift */,
			);
			path = TipCalculatorModelTests;
			sourceTree = "<group>";
		};
		5F9D8F2F285E6A090007B7D9 /* TipCalculatorModelUITests */ = {
			isa = PBXGroup;
			children = (
				5F9D8F30285E6A090007B7D9 /* TipCalculatorModelUITests.swift */,
				5F9D8F32285E6A090007B7D9 /* TipCalculatorModelUITestsLaunchTests.swift */,
			);
			path = TipCalculatorModelUITests;
			sourceTree = "<group>";
		};
		5FAD1AA3285FA2D0001D84ED /* Logic */ = {
			isa = PBXGroup;
			children = (
				5FAD1AA4285FA2E3001D84ED /* OurLogic.swift */,
			);
			path = Logic;
			sourceTree = "<group>";
		};
/* End PBXGroup section */

/* Begin PBXNativeTarget section */
		5F9D8F08285E6A040007B7D9 /* TipCalculatorModel */ = {
			isa = PBXNativeTarget;
			buildConfigurationList = 5F9D8F36285E6A090007B7D9 /* Build configuration list for PBXNativeTarget "TipCalculatorModel" */;
			buildPhases = (
				5F9D8F05285E6A040007B7D9 /* Sources */,
				5F9D8F06285E6A040007B7D9 /* Frameworks */,
				5F9D8F07285E6A040007B7D9 /* Resources */,
			);
			buildRules = (
			);
			dependencies = (
			);
			name = TipCalculatorModel;
			productName = TipCalculatorModel;
			productReference = 5F9D8F09285E6A040007B7D9 /* TipCalculatorModel.app */;
			productType = "com.apple.product-type.application";
		};
		5F9D8F21285E6A090007B7D9 /* TipCalculatorModelTests */ = {
			isa = PBXNativeTarget;
			buildConfigurationList = 5F9D8F39285E6A090007B7D9 /* Build configuration list for PBXNativeTarget "TipCalculatorModelTests" */;
			buildPhases = (
				5F9D8F1E285E6A090007B7D9 /* Sources */,
				5F9D8F1F285E6A090007B7D9 /* Frameworks */,
				5F9D8F20285E6A090007B7D9 /* Resources */,
			);
			buildRules = (
			);
			dependencies = (
				5F9D8F24285E6A090007B7D9 /* PBXTargetDependency */,
			);
			name = TipCalculatorModelTests;
			productName = TipCalculatorModelTests;
			productReference = 5F9D8F22285E6A090007B7D9 /* TipCalculatorModelTests.xctest */;
			productType = "com.apple.product-type.bundle.unit-test";
		};
		5F9D8F2B285E6A090007B7D9 /* TipCalculatorModelUITests */ = {
			isa = PBXNativeTarget;
			buildConfigurationList = 5F9D8F3C285E6A090007B7D9 /* Build configuration list for PBXNativeTarget "TipCalculatorModelUITests" */;
			buildPhases = (
				5F9D8F28285E6A090007B7D9 /* Sources */,
				5F9D8F29285E6A090007B7D9 /* Frameworks */,
				5F9D8F2A285E6A090007B7D9 /* Resources */,
			);
			buildRules = (
			);
			dependencies = (
				5F9D8F2E285E6A090007B7D9 /* PBXTargetDependency */,
			);
			name = TipCalculatorModelUITests;
			productName = TipCalculatorModelUITests;
			productReference = 5F9D8F2C285E6A090007B7D9 /* TipCalculatorModelUITests.xctest */;
			productType = "com.apple.product-type.bundle.ui-testing";
		};
/* End PBXNativeTarget section */

/* Begin PBXProject section */
		5F9D8F01285E6A040007B7D9 /* Project object */ = {
			isa = PBXProject;
			attributes = {
				BuildIndependentTargetsInParallel = 1;
				LastSwiftUpdateCheck = 1330;
				LastUpgradeCheck = 1330;
				TargetAttributes = {
					5F9D8F08285E6A040007B7D9 = {
						CreatedOnToolsVersion = 13.3;
					};
					5F9D8F21285E6A090007B7D9 = {
						CreatedOnToolsVersion = 13.3;
						TestTargetID = 5F9D8F08285E6A040007B7D9;
					};
					5F9D8F2B285E6A090007B7D9 = {
						CreatedOnToolsVersion = 13.3;
						TestTargetID = 5F9D8F08285E6A040007B7D9;
					};
				};
			};
			buildConfigurationList = 5F9D8F04285E6A040007B7D9 /* Build configuration list for PBXProject "TipCalculatorModel" */;
			compatibilityVersion = "Xcode 13.0";
			developmentRegion = en;
			hasScannedForEncodings = 0;
			knownRegions = (
				en,
				Base,
			);
			mainGroup = 5F9D8F00285E6A040007B7D9;
			productRefGroup = 5F9D8F0A285E6A040007B7D9 /* Products */;
			projectDirPath = "";
			projectRoot = "";
			targets = (
				5F9D8F08285E6A040007B7D9 /* TipCalculatorModel */,
				5F9D8F21285E6A090007B7D9 /* TipCalculatorModelTests */,
				5F9D8F2B285E6A090007B7D9 /* TipCalculatorModelUITests */,
			);
		};
/* End PBXProject section */

/* Begin PBXResourcesBuildPhase section */
		5F9D8F07285E6A040007B7D9 /* Resources */ = {
			isa = PBXResourcesBuildPhase;
			buildActionMask = 2147483647;
			files = (
				5F9D8F1C285E6A090007B7D9 /* LaunchScreen.storyboard in Resources */,
				5F9D8F19285E6A090007B7D9 /* Assets.xcassets in Resources */,
				5F9D8F14285E6A040007B7D9 /* Main.storyboard in Resources */,
			);
			runOnlyForDeploymentPostprocessing = 0;
		};
		5F9D8F20285E6A090007B7D9 /* Resources */ = {
			isa = PBXResourcesBuildPhase;
			buildActionMask = 2147483647;
			files = (
			);
			runOnlyForDeploymentPostprocessing = 0;
		};
		5F9D8F2A285E6A090007B7D9 /* Resources */ = {
			isa = PBXResourcesBuildPhase;
			buildActionMask = 2147483647;
			files = (
			);
			runOnlyForDeploymentPostprocessing = 0;
		};
/* End PBXResourcesBuildPhase section */

/* Begin PBXSourcesBuildPhase section */
		5F9D8F05285E6A040007B7D9 /* Sources */ = {
			isa = PBXSourcesBuildPhase;
			buildActionMask = 2147483647;
			files = (
				5F9D8F11285E6A040007B7D9 /* ViewController.swift in Sources */,
				5FAD1AA5285FA2E3001D84ED /* OurLogic.swift in Sources */,
				5F9D8F0D285E6A040007B7D9 /* AppDelegate.swift in Sources */,
				5F9D8F0F285E6A040007B7D9 /* SceneDelegate.swift in Sources */,
				5F9D8F17285E6A040007B7D9 /* TipCalculatorModel.xcdatamodeld in Sources */,
			);
			runOnlyForDeploymentPostprocessing = 0;
		};
		5F9D8F1E285E6A090007B7D9 /* Sources */ = {
			isa = PBXSourcesBuildPhase;
			buildActionMask = 2147483647;
			files = (
				5F9D8F27285E6A090007B7D9 /* TipCalculatorModelTests.swift in Sources */,
			);
			runOnlyForDeploymentPostprocessing = 0;
		};
		5F9D8F28285E6A090007B7D9 /* Sources */ = {
			isa = PBXSourcesBuildPhase;
			buildActionMask = 2147483647;
			files = (
				5F9D8F33285E6A090007B7D9 /* TipCalculatorModelUITestsLaunchTests.swift in Sources */,
				5F9D8F31285E6A090007B7D9 /* TipCalculatorModelUITests.swift in Sources */,
			);
			runOnlyForDeploymentPostprocessing = 0;
		};
/* End PBXSourcesBuildPhase section */

/* Begin PBXTargetDependency section */
		5F9D8F24285E6A090007B7D9 /* PBXTargetDependency */ = {
			isa = PBXTargetDependency;
			target = 5F9D8F08285E6A040007B7D9 /* TipCalculatorModel */;
			targetProxy = 5F9D8F23285E6A090007B7D9 /* PBXContainerItemProxy */;
		};
		5F9D8F2E285E6A090007B7D9 /* PBXTargetDependency */ = {
			isa = PBXTargetDependency;
			target = 5F9D8F08285E6A040007B7D9 /* TipCalculatorModel */;
			targetProxy = 5F9D8F2D285E6A090007B7D9 /* PBXContainerItemProxy */;
		};
/* End PBXTargetDependency section */

/* Begin PBXVariantGroup section */
		5F9D8F12285E6A040007B7D9 /* Main.storyboard */ = {
			isa = PBXVariantGroup;
			children = (
				5F9D8F13285E6A040007B7D9 /* Base */,
			);
			name = Main.storyboard;
			sourceTree = "<group>";
		};
		5F9D8F1A285E6A090007B7D9 /* LaunchScreen.storyboard */ = {
			isa = PBXVariantGroup;
			children = (
				5F9D8F1B285E6A090007B7D9 /* Base */,
			);
			name = LaunchScreen.storyboard;
			sourceTree = "<group>";
		};
/* End PBXVariantGroup section */

/* Begin XCBuildConfiguration section */
		5F9D8F34285E6A090007B7D9 /* Debug */ = {
			isa = XCBuildConfiguration;
			buildSettings = {
				ALWAYS_SEARCH_USER_PATHS = NO;
				CLANG_ANALYZER_NONNULL = YES;
				CLANG_ANALYZER_NUMBER_OBJECT_CONVERSION = YES_AGGRESSIVE;
				CLANG_CXX_LANGUAGE_STANDARD = "gnu++17";
				CLANG_ENABLE_MODULES = YES;
				CLANG_ENABLE_OBJC_ARC = YES;
				CLANG_ENABLE_OBJC_WEAK = YES;
				CLANG_WARN_BLOCK_CAPTURE_AUTORELEASING = YES;
				CLANG_WARN_BOOL_CONVERSION = YES;
				CLANG_WARN_COMMA = YES;
				CLANG_WARN_CONSTANT_CONVERSION = YES;
				CLANG_WARN_DEPRECATED_OBJC_IMPLEMENTATIONS = YES;
				CLANG_WARN_DIRECT_OBJC_ISA_USAGE = YES_ERROR;
				CLANG_WARN_DOCUMENTATION_COMMENTS = YES;
				CLANG_WARN_EMPTY_BODY = YES;
				CLANG_WARN_ENUM_CONVERSION = YES;
				CLANG_WARN_INFINITE_RECURSION = YES;
				CLANG_WARN_INT_CONVERSION = YES;
				CLANG_WARN_NON_LITERAL_NULL_CONVERSION = YES;
				CLANG_WARN_OBJC_IMPLICIT_RETAIN_SELF = YES;
				CLANG_WARN_OBJC_LITERAL_CONVERSION = YES;
				CLANG_WARN_OBJC_ROOT_CLASS = YES_ERROR;
				CLANG_WARN_QUOTED_INCLUDE_IN_FRAMEWORK_HEADER = YES;
				CLANG_WARN_RANGE_LOOP_ANALYSIS = YES;
				CLANG_WARN_STRICT_PROTOTYPES = YES;
				CLANG_WARN_SUSPICIOUS_MOVE = YES;
				CLANG_WARN_UNGUARDED_AVAILABILITY = YES_AGGRESSIVE;
				CLANG_WARN_UNREACHABLE_CODE = YES;
				CLANG_WARN__DUPLICATE_METHOD_MATCH = YES;
				COPY_PHASE_STRIP = NO;
				DEBUG_INFORMATION_FORMAT = dwarf;
				ENABLE_STRICT_OBJC_MSGSEND = YES;
				ENABLE_TESTABILITY = YES;
				GCC_C_LANGUAGE_STANDARD = gnu11;
				GCC_DYNAMIC_NO_PIC = NO;
				GCC_NO_COMMON_BLOCKS = YES;
				GCC_OPTIMIZATION_LEVEL = 0;
				GCC_PREPROCESSOR_DEFINITIONS = (
					"DEBUG=1",
					"$(inherited)",
				);
				GCC_WARN_64_TO_32_BIT_CONVERSION = YES;
				GCC_WARN_ABOUT_RETURN_TYPE = YES_ERROR;
				GCC_WARN_UNDECLARED_SELECTOR = YES;
				GCC_WARN_UNINITIALIZED_AUTOS = YES_AGGRESSIVE;
				GCC_WARN_UNUSED_FUNCTION = YES;
				GCC_WARN_UNUSED_VARIABLE = YES;
				IPHONEOS_DEPLOYMENT_TARGET = 15.4;
				MTL_ENABLE_DEBUG_INFO = INCLUDE_SOURCE;
				MTL_FAST_MATH = YES;
				ONLY_ACTIVE_ARCH = YES;
				SDKROOT = iphoneos;
				SWIFT_ACTIVE_COMPILATION_CONDITIONS = DEBUG;
				SWIFT_OPTIMIZATION_LEVEL = "-Onone";
			};
			name = Debug;
		};
		5F9D8F35285E6A090007B7D9 /* Release */ = {
			isa = XCBuildConfiguration;
			buildSettings = {
				ALWAYS_SEARCH_USER_PATHS = NO;
				CLANG_ANALYZER_NONNULL = YES;
				CLANG_ANALYZER_NUMBER_OBJECT_CONVERSION = YES_AGGRESSIVE;
				CLANG_CXX_LANGUAGE_STANDARD = "gnu++17";
				CLANG_ENABLE_MODULES = YES;
				CLANG_ENABLE_OBJC_ARC = YES;
				CLANG_ENABLE_OBJC_WEAK = YES;
				CLANG_WARN_BLOCK_CAPTURE_AUTORELEASING = YES;
				CLANG_WARN_BOOL_CONVERSION = YES;
				CLANG_WARN_COMMA = YES;
				CLANG_WARN_CONSTANT_CONVERSION = YES;
				CLANG_WARN_DEPRECATED_OBJC_IMPLEMENTATIONS = YES;
				CLANG_WARN_DIRECT_OBJC_ISA_USAGE = YES_ERROR;
				CLANG_WARN_DOCUMENTATION_COMMENTS = YES;
				CLANG_WARN_EMPTY_BODY = YES;
				CLANG_WARN_ENUM_CONVERSION = YES;
				CLANG_WARN_INFINITE_RECURSION = YES;
				CLANG_WARN_INT_CONVERSION = YES;
				CLANG_WARN_NON_LITERAL_NULL_CONVERSION = YES;
				CLANG_WARN_OBJC_IMPLICIT_RETAIN_SELF = YES;
				CLANG_WARN_OBJC_LITERAL_CONVERSION = YES;
				CLANG_WARN_OBJC_ROOT_CLASS = YES_ERROR;
				CLANG_WARN_QUOTED_INCLUDE_IN_FRAMEWORK_HEADER = YES;
				CLANG_WARN_RANGE_LOOP_ANALYSIS = YES;
				CLANG_WARN_STRICT_PROTOTYPES = YES;
				CLANG_WARN_SUSPICIOUS_MOVE = YES;
				CLANG_WARN_UNGUARDED_AVAILABILITY = YES_AGGRESSIVE;
				CLANG_WARN_UNREACHABLE_CODE = YES;
				CLANG_WARN__DUPLICATE_METHOD_MATCH = YES;
				COPY_PHASE_STRIP = NO;
				DEBUG_INFORMATION_FORMAT = "dwarf-with-dsym";
				ENABLE_NS_ASSERTIONS = NO;
				ENABLE_STRICT_OBJC_MSGSEND = YES;
				GCC_C_LANGUAGE_STANDARD = gnu11;
				GCC_NO_COMMON_BLOCKS = YES;
				GCC_WARN_64_TO_32_BIT_CONVERSION = YES;
				GCC_WARN_ABOUT_RETURN_TYPE = YES_ERROR;
				GCC_WARN_UNDECLARED_SELECTOR = YES;
				GCC_WARN_UNINITIALIZED_AUTOS = YES_AGGRESSIVE;
				GCC_WARN_UNUSED_FUNCTION = YES;
				GCC_WARN_UNUSED_VARIABLE = YES;
				IPHONEOS_DEPLOYMENT_TARGET = 15.4;
				MTL_ENABLE_DEBUG_INFO = NO;
				MTL_FAST_MATH = YES;
				SDKROOT = iphoneos;
				SWIFT_COMPILATION_MODE = wholemodule;
				SWIFT_OPTIMIZATION_LEVEL = "-O";
				VALIDATE_PRODUCT = YES;
			};
			name = Release;
		};
		5F9D8F37285E6A090007B7D9 /* Debug */ = {
			isa = XCBuildConfiguration;
			buildSettings = {
				ASSETCATALOG_COMPILER_APPICON_NAME = AppIcon;
				ASSETCATALOG_COMPILER_GLOBAL_ACCENT_COLOR_NAME = AccentColor;
				CODE_SIGN_STYLE = Automatic;
				CURRENT_PROJECT_VERSION = 1;
				DEVELOPMENT_TEAM = 9VM2Q82V3D;
				GENERATE_INFOPLIST_FILE = YES;
				INFOPLIST_FILE = TipCalculatorModel/Info.plist;
				INFOPLIST_KEY_UIApplicationSupportsIndirectInputEvents = YES;
				INFOPLIST_KEY_UILaunchStoryboardName = LaunchScreen;
				INFOPLIST_KEY_UIMainStoryboardFile = Main;
				INFOPLIST_KEY_UISupportedInterfaceOrientations_iPad = "UIInterfaceOrientationPortrait UIInterfaceOrientationPortraitUpsideDown UIInterfaceOrientationLandscapeLeft UIInterfaceOrientationLandscapeRight";
				INFOPLIST_KEY_UISupportedInterfaceOrientations_iPhone = "UIInterfaceOrientationPortrait UIInterfaceOrientationLandscapeLeft UIInterfaceOrientationLandscapeRight";
				LD_RUNPATH_SEARCH_PATHS = (
					"$(inherited)",
					"@executable_path/Frameworks",
				);
				MARKETING_VERSION = 1.0;
				PRODUCT_BUNDLE_IDENTIFIER = weSplit.com.TipCalculatorModel;
				PRODUCT_NAME = "$(TARGET_NAME)";
				SWIFT_EMIT_LOC_STRINGS = YES;
				SWIFT_VERSION = 5.0;
				TARGETED_DEVICE_FAMILY = "1,2";
			};
			name = Debug;
		};
		5F9D8F38285E6A090007B7D9 /* Release */ = {
			isa = XCBuildConfiguration;
			buildSettings = {
				ASSETCATALOG_COMPILER_APPICON_NAME = AppIcon;
				ASSETCATALOG_COMPILER_GLOBAL_ACCENT_COLOR_NAME = AccentColor;
				CODE_SIGN_STYLE = Automatic;
				CURRENT_PROJECT_VERSION = 1;
				DEVELOPMENT_TEAM = 9VM2Q82V3D;
				GENERATE_INFOPLIST_FILE = YES;
				INFOPLIST_FILE = TipCalculatorModel/Info.plist;
				INFOPLIST_KEY_UIApplicationSupportsIndirectInputEvents = YES;
				INFOPLIST_KEY_UILaunchStoryboardName = LaunchScreen;
				INFOPLIST_KEY_UIMainStoryboardFile = Main;
				INFOPLIST_KEY_UISupportedInterfaceOrientations_iPad = "UIInterfaceOrientationPortrait UIInterfaceOrientationPortraitUpsideDown UIInterfaceOrientationLandscapeLeft UIInterfaceOrientationLandscapeRight";
				INFOPLIST_KEY_UISupportedInterfaceOrientations_iPhone = "UIInterfaceOrientationPortrait UIInterfaceOrientationLandscapeLeft UIInterfaceOrientationLandscapeRight";
				LD_RUNPATH_SEARCH_PATHS = (
					"$(inherited)",
					"@executable_path/Frameworks",
				);
				MARKETING_VERSION = 1.0;
				PRODUCT_BUNDLE_IDENTIFIER = weSplit.com.TipCalculatorModel;
				PRODUCT_NAME = "$(TARGET_NAME)";
				SWIFT_EMIT_LOC_STRINGS = YES;
				SWIFT_VERSION = 5.0;
				TARGETED_DEVICE_FAMILY = "1,2";
			};
			name = Release;
		};
		5F9D8F3A285E6A090007B7D9 /* Debug */ = {
			isa = XCBuildConfiguration;
			buildSettings = {
				ALWAYS_EMBED_SWIFT_STANDARD_LIBRARIES = YES;
				BUNDLE_LOADER = "$(TEST_HOST)";
				CODE_SIGN_STYLE = Automatic;
				CURRENT_PROJECT_VERSION = 1;
				DEVELOPMENT_TEAM = 9VM2Q82V3D;
				GENERATE_INFOPLIST_FILE = YES;
				IPHONEOS_DEPLOYMENT_TARGET = 15.4;
				MARKETING_VERSION = 1.0;
				PRODUCT_BUNDLE_IDENTIFIER = weSplit.com.TipCalculatorModelTests;
				PRODUCT_NAME = "$(TARGET_NAME)";
				SWIFT_EMIT_LOC_STRINGS = NO;
				SWIFT_VERSION = 5.0;
				TARGETED_DEVICE_FAMILY = "1,2";
				TEST_HOST = "$(BUILT_PRODUCTS_DIR)/TipCalculatorModel.app/TipCalculatorModel";
			};
			name = Debug;
		};
		5F9D8F3B285E6A090007B7D9 /* Release */ = {
			isa = XCBuildConfiguration;
			buildSettings = {
				ALWAYS_EMBED_SWIFT_STANDARD_LIBRARIES = YES;
				BUNDLE_LOADER = "$(TEST_HOST)";
				CODE_SIGN_STYLE = Automatic;
				CURRENT_PROJECT_VERSION = 1;
				DEVELOPMENT_TEAM = 9VM2Q82V3D;
				GENERATE_INFOPLIST_FILE = YES;
				IPHONEOS_DEPLOYMENT_TARGET = 15.4;
				MARKETING_VERSION = 1.0;
				PRODUCT_BUNDLE_IDENTIFIER = weSplit.com.TipCalculatorModelTests;
				PRODUCT_NAME = "$(TARGET_NAME)";
				SWIFT_EMIT_LOC_STRINGS = NO;
				SWIFT_VERSION = 5.0;
				TARGETED_DEVICE_FAMILY = "1,2";
				TEST_HOST = "$(BUILT_PRODUCTS_DIR)/TipCalculatorModel.app/TipCalculatorModel";
			};
			name = Release;
		};
		5F9D8F3D285E6A090007B7D9 /* Debug */ = {
			isa = XCBuildConfiguration;
			buildSettings = {
				ALWAYS_EMBED_SWIFT_STANDARD_LIBRARIES = YES;
				CODE_SIGN_STYLE = Automatic;
				CURRENT_PROJECT_VERSION = 1;
				DEVELOPMENT_TEAM = 9VM2Q82V3D;
				GENERATE_INFOPLIST_FILE = YES;
				MARKETING_VERSION = 1.0;
				PRODUCT_BUNDLE_IDENTIFIER = weSplit.com.TipCalculatorModelUITests;
				PRODUCT_NAME = "$(TARGET_NAME)";
				SWIFT_EMIT_LOC_STRINGS = NO;
				SWIFT_VERSION = 5.0;
				TARGETED_DEVICE_FAMILY = "1,2";
				TEST_TARGET_NAME = TipCalculatorModel;
			};
			name = Debug;
		};
		5F9D8F3E285E6A090007B7D9 /* Release */ = {
			isa = XCBuildConfiguration;
			buildSettings = {
				ALWAYS_EMBED_SWIFT_STANDARD_LIBRARIES = YES;
				CODE_SIGN_STYLE = Automatic;
				CURRENT_PROJECT_VERSION = 1;
				DEVELOPMENT_TEAM = 9VM2Q82V3D;
				GENERATE_INFOPLIST_FILE = YES;
				MARKETING_VERSION = 1.0;
				PRODUCT_BUNDLE_IDENTIFIER = weSplit.com.TipCalculatorModelUITests;
				PRODUCT_NAME = "$(TARGET_NAME)";
				SWIFT_EMIT_LOC_STRINGS = NO;
				SWIFT_VERSION = 5.0;
				TARGETED_DEVICE_FAMILY = "1,2";
				TEST_TARGET_NAME = TipCalculatorModel;
			};
			name = Release;
		};
/* End XCBuildConfiguration section */

/* Begin XCConfigurationList section */
		5F9D8F04285E6A040007B7D9 /* Build configuration list for PBXProject "TipCalculatorModel" */ = {
			isa = XCConfigurationList;
			buildConfigurations = (
				5F9D8F34285E6A090007B7D9 /* Debug */,
				5F9D8F35285E6A090007B7D9 /* Release */,
			);
			defaultConfigurationIsVisible = 0;
			defaultConfigurationName = Release;
		};
		5F9D8F36285E6A090007B7D9 /* Build configuration list for PBXNativeTarget "TipCalculatorModel" */ = {
			isa = XCConfigurationList;
			buildConfigurations = (
				5F9D8F37285E6A090007B7D9 /* Debug */,
				5F9D8F38285E6A090007B7D9 /* Release */,
			);
			defaultConfigurationIsVisible = 0;
			defaultConfigurationName = Release;
		};
		5F9D8F39285E6A090007B7D9 /* Build configuration list for PBXNativeTarget "TipCalculatorModelTests" */ = {
			isa = XCConfigurationList;
			buildConfigurations = (
				5F9D8F3A285E6A090007B7D9 /* Debug */,
				5F9D8F3B285E6A090007B7D9 /* Release */,
			);
			defaultConfigurationIsVisible = 0;
			defaultConfigurationName = Release;
		};
		5F9D8F3C285E6A090007B7D9 /* Build configuration list for PBXNativeTarget "TipCalculatorModelUITests" */ = {
			isa = XCConfigurationList;
			buildConfigurations = (
				5F9D8F3D285E6A090007B7D9 /* Debug */,
				5F9D8F3E285E6A090007B7D9 /* Release */,
			);
			defaultConfigurationIsVisible = 0;
			defaultConfigurationName = Release;
		};
/* End XCConfigurationList section */

/* Begin XCVersionGroup section */
		5F9D8F15285E6A040007B7D9 /* TipCalculatorModel.xcdatamodeld */ = {
			isa = XCVersionGroup;
			children = (
				5F9D8F16285E6A040007B7D9 /* TipCalculatorModel.xcdatamodel */,
			);
			currentVersion = 5F9D8F16285E6A040007B7D9 /* TipCalculatorModel.xcdatamodel */;
			path = TipCalculatorModel.xcdatamodeld;
			sourceTree = "<group>";
			versionGroupType = wrapper.xcdatamodel;
		};
/* End XCVersionGroup section */
	};
	rootObject = 5F9D8F01285E6A040007B7D9 /* Project object */;
}
